
Microsoft Visual Studio Solution File, Format Version 12.00
# Visual Studio Version 16
VisualStudioVersion = 16.0.30611.23
MinimumVisualStudioVersion = 10.0.40219.1
Project("{FAE04EC0-301F-11D3-BF4B-00C04F79EFBC}") = "ConferencePlanner.Backend", "ConferencePlanner.Backend\ConferencePlanner.Backend.csproj", "{634C6F1E-AACD-47CA-BF0F-F35DCFD0D0C7}"
EndProject
Project("{FAE04EC0-301F-11D3-BF4B-00C04F79EFBC}") = "ConferencePlanner.ConferenceDTO", "ConferencePlanner.ConferenceDTO\ConferencePlanner.ConferenceDTO.csproj", "{51EC8808-5C14-46B6-BBDE-2AAC06A6E6B2}"
EndProject
Project("{FAE04EC0-301F-11D3-BF4B-00C04F79EFBC}") = "ConferencePlanner.FrontEnd", "ConferencePlanner.FrontEnd\ConferencePlanner.FrontEnd.csproj", "{CDC941AB-CD9C-4643-B9DD-BE80FE7B1480}"
EndProject
Global
	GlobalSection(SolutionConfigurationPlatforms) = preSolution
		Debug|Any CPU = Debug|Any CPU
		Release|Any CPU = Release|Any CPU
	EndGlobalSection
	GlobalSection(ProjectConfigurationPlatforms) = postSolution
		{634C6F1E-AACD-47CA-BF0F-F35DCFD0D0C7}.Debug|Any CPU.ActiveCfg = Debug|Any CPU
		{634C6F1E-AACD-47CA-BF0F-F35DCFD0D0C7}.Debug|Any CPU.Build.0 = Debug|Any CPU
		{634C6F1E-AACD-47CA-BF0F-F35DCFD0D0C7}.Release|Any CPU.ActiveCfg = Release|Any CPU
		{634C6F1E-AACD-47CA-BF0F-F35DCFD0D0C7}.Release|Any CPU.Build.0 = Release|Any CPU
		{51EC8808-5C14-46B6-BBDE-2AAC06A6E6B2}.Debug|Any CPU.ActiveCfg = Debug|Any CPU
		{51EC8808-5C14-46B6-BBDE-2AAC06A6E6B2}.Debug|Any CPU.Build.0 = Debug|Any CPU
		{51EC8808-5C14-46B6-BBDE-2AAC06A6E6B2}.Release|Any CPU.ActiveCfg = Release|Any CPU
		{51EC8808-5C14-46B6-BBDE-2AAC06A6E6B2}.Release|Any CPU.Build.0 = Release|Any CPU
		{CDC941AB-CD9C-4643-B9DD-BE80FE7B1480}.Debug|Any CPU.ActiveCfg = Debug|Any CPU
		{CDC941AB-CD9C-4643-B9DD-BE80FE7B1480}.Debug|Any CPU.Build.0 = Debug|Any CPU
		{CDC941AB-CD9C-4643-B9DD-BE80FE7B1480}.Release|Any CPU.ActiveCfg = Release|Any CPU
		{CDC941AB-CD9C-4643-B9DD-BE80FE7B1480}.Release|Any CPU.Build.0 = Release|Any CPU
	EndGlobalSection
	GlobalSection(SolutionProperties) = preSolution
		HideSolutionNode = FALSE
	EndGlobalSection
	GlobalSection(ExtensibilityGlobals) = postSolution
		SolutionGuid = {70F48A8F-A619-4880-8983-4161C1F26353}
	EndGlobalSection
EndGlobal
